
Microsoft Visual Studio Solution File, Format Version 12.00
# Visual Studio Version 17
VisualStudioVersion = 17.3.32825.248
MinimumVisualStudioVersion = 10.0.40219.1
Project("{9A19103F-16F7-4668-BE54-9A1E7A4F7556}") = "webApi_course", "webApi_course\webApi_course.csproj", "{AB048FDD-4FC0-42FD-9633-0A475BB3271E}"
EndProject
Project("{2150E333-8FDC-42A3-9474-1A3956D46DE8}") = "ArticleManagement", "ArticleManagement", "{7871E0C8-C942-44D1-ABC6-8E2936815D8F}"
EndProject
Project("{9A19103F-16F7-4668-BE54-9A1E7A4F7556}") = "ArticlesModels", "ArticlesModels\ArticlesModels.csproj", "{239F1858-12AC-4458-B4A2-D79DC816F340}"
EndProject
Project("{9A19103F-16F7-4668-BE54-9A1E7A4F7556}") = "ArticleService", "ArticleService\ArticleService.csproj", "{42137B74-9A95-4124-9B90-29886A36D353}"
EndProject
Project("{9A19103F-16F7-4668-BE54-9A1E7A4F7556}") = "ArticlesClient", "ArticlesClient\ArticlesClient.csproj", "{801501B5-27B5-4653-A67D-8D465BA7015E}"
EndProject
Project("{9A19103F-16F7-4668-BE54-9A1E7A4F7556}") = "ArticleManagementService", "ArticleManagementService\ArticleManagementService.csproj", "{D085FC44-D98E-47E5-85D3-3513DB1140C7}"
EndProject
Project("{2150E333-8FDC-42A3-9474-1A3956D46DE8}") = "ProduitManagement", "ProduitManagement", "{875417DD-BCC5-4EAE-B798-C38B1EE815C8}"
EndProject
Project("{2150E333-8FDC-42A3-9474-1A3956D46DE8}") = "AbonnementManagement", "AbonnementManagement", "{B52131CF-B3DE-40B2-AED5-AA566A5B4DD3}"
EndProject
Project("{2150E333-8FDC-42A3-9474-1A3956D46DE8}") = "ConsommateurManagement", "ConsommateurManagement", "{FC8B5D26-58F7-4C5D-A4B9-ECF3FA70F460}"
EndProject
Project("{2150E333-8FDC-42A3-9474-1A3956D46DE8}") = "ProducteurManagement", "ProducteurManagement", "{CD531E02-80D3-4B2E-87EC-93C4E5A88006}"
EndProject
Project("{2150E333-8FDC-42A3-9474-1A3956D46DE8}") = "ConfigurationManagement", "ConfigurationManagement", "{522C070C-9540-48A2-9F09-34FC0DC90D62}"
EndProject
Project("{2150E333-8FDC-42A3-9474-1A3956D46DE8}") = "PanierManagement", "PanierManagement", "{713F18EC-2053-4DF7-BD24-13107ACA87F3}"
EndProject
Project("{2150E333-8FDC-42A3-9474-1A3956D46DE8}") = "AssociationManagement", "AssociationManagement", "{705E19A4-47DD-406D-8A02-98E25C0D9BBB}"
EndProject
Project("{2150E333-8FDC-42A3-9474-1A3956D46DE8}") = "PaiementManagement", "PaiementManagement", "{6AB05F07-A749-4195-A22D-5C9DC0A5159D}"
EndProject
Project("{2150E333-8FDC-42A3-9474-1A3956D46DE8}") = "EtablissementManagement", "EtablissementManagement", "{9EAE4C63-9946-4025-9C86-121FB42F6D53}"
EndProject
Project("{2150E333-8FDC-42A3-9474-1A3956D46DE8}") = "PubliciteManagement", "PubliciteManagement", "{AF47083E-EF99-4AD4-8BBD-438AC0E7420E}"
EndProject
Project("{FAE04EC0-301F-11D3-BF4B-00C04F79EFBC}") = "AbonnementModels", "AbonnementModels\AbonnementModels.csproj", "{37C5E031-B5C8-453E-8E92-33F5E753953A}"
EndProject
Project("{FAE04EC0-301F-11D3-BF4B-00C04F79EFBC}") = "ConfigurationModels", "ConfigurationModels\ConfigurationModels.csproj", "{446CAC86-C968-4AB2-9B1E-EB43C2AFE93D}"
EndProject
Project("{FAE04EC0-301F-11D3-BF4B-00C04F79EFBC}") = "ConsommateurModels", "ConsommateurManagement\ConsommateurModels.csproj", "{8787E447-2DC7-47A5-A7BA-D38779ABBEC9}"
EndProject
Project("{FAE04EC0-301F-11D3-BF4B-00C04F79EFBC}") = "EtablissementModels", "EtablissementModels\EtablissementModels.csproj", "{A398DBE8-7B3F-4BB3-909C-24046B16D0FC}"
EndProject
Project("{FAE04EC0-301F-11D3-BF4B-00C04F79EFBC}") = "PaiementModels", "PaiementManagement\PaiementModels.csproj", "{D3B15289-7B53-4442-9E68-917C96831A59}"
EndProject
Project("{FAE04EC0-301F-11D3-BF4B-00C04F79EFBC}") = "PanierModels", "PanierManagement\PanierModels.csproj", "{91634CB0-A52C-4A32-AB38-EA6D74D1BE01}"
EndProject
Project("{FAE04EC0-301F-11D3-BF4B-00C04F79EFBC}") = "ProducteurModels", "ProducteurManagement\ProducteurModels.csproj", "{FB1B6B5A-3EC4-4B47-A3A9-7C7A824A6451}"
EndProject
Project("{FAE04EC0-301F-11D3-BF4B-00C04F79EFBC}") = "ProduitModels", "ProduitModels\ProduitModels.csproj", "{BBF7B728-FA1A-4754-9CBA-DFC521385517}"
EndProject
Project("{FAE04EC0-301F-11D3-BF4B-00C04F79EFBC}") = "AbonnementManagementAPI", "AbonnementManagementAPI\AbonnementManagementAPI.csproj", "{3C6812F5-5805-4B90-B81B-90C676498F0B}"
EndProject
Project("{2150E333-8FDC-42A3-9474-1A3956D46DE8}") = "SharedModelManagement", "SharedModelManagement", "{5E30E3EE-ED0F-4794-8F4F-B58FD0D903F1}"
EndProject
Project("{FAE04EC0-301F-11D3-BF4B-00C04F79EFBC}") = "SharedModels", "SharedModels\SharedModels.csproj", "{B45A12D0-A1BA-4653-9D26-A54DAC81FC67}"
EndProject
Project("{FAE04EC0-301F-11D3-BF4B-00C04F79EFBC}") = "GeneralModels", "GeneralModels\GeneralModels.csproj", "{04E7AEDE-240B-43DC-BECD-1633DE7A287C}"
EndProject
Global
	GlobalSection(SolutionConfigurationPlatforms) = preSolution
		Debug|Any CPU = Debug|Any CPU
		Release|Any CPU = Release|Any CPU
	EndGlobalSection
	GlobalSection(ProjectConfigurationPlatforms) = postSolution
		{AB048FDD-4FC0-42FD-9633-0A475BB3271E}.Debug|Any CPU.ActiveCfg = Debug|Any CPU
		{AB048FDD-4FC0-42FD-9633-0A475BB3271E}.Debug|Any CPU.Build.0 = Debug|Any CPU
		{AB048FDD-4FC0-42FD-9633-0A475BB3271E}.Release|Any CPU.ActiveCfg = Release|Any CPU
		{AB048FDD-4FC0-42FD-9633-0A475BB3271E}.Release|Any CPU.Build.0 = Release|Any CPU
		{239F1858-12AC-4458-B4A2-D79DC816F340}.Debug|Any CPU.ActiveCfg = Debug|Any CPU
		{239F1858-12AC-4458-B4A2-D79DC816F340}.Debug|Any CPU.Build.0 = Debug|Any CPU
		{239F1858-12AC-4458-B4A2-D79DC816F340}.Release|Any CPU.ActiveCfg = Release|Any CPU
		{239F1858-12AC-4458-B4A2-D79DC816F340}.Release|Any CPU.Build.0 = Release|Any CPU
		{42137B74-9A95-4124-9B90-29886A36D353}.Debug|Any CPU.ActiveCfg = Debug|Any CPU
		{42137B74-9A95-4124-9B90-29886A36D353}.Debug|Any CPU.Build.0 = Debug|Any CPU
		{42137B74-9A95-4124-9B90-29886A36D353}.Release|Any CPU.ActiveCfg = Release|Any CPU
		{42137B74-9A95-4124-9B90-29886A36D353}.Release|Any CPU.Build.0 = Release|Any CPU
		{801501B5-27B5-4653-A67D-8D465BA7015E}.Debug|Any CPU.ActiveCfg = Debug|Any CPU
		{801501B5-27B5-4653-A67D-8D465BA7015E}.Debug|Any CPU.Build.0 = Debug|Any CPU
		{801501B5-27B5-4653-A67D-8D465BA7015E}.Release|Any CPU.ActiveCfg = Release|Any CPU
		{801501B5-27B5-4653-A67D-8D465BA7015E}.Release|Any CPU.Build.0 = Release|Any CPU
		{D085FC44-D98E-47E5-85D3-3513DB1140C7}.Debug|Any CPU.ActiveCfg = Debug|Any CPU
		{D085FC44-D98E-47E5-85D3-3513DB1140C7}.Debug|Any CPU.Build.0 = Debug|Any CPU
		{D085FC44-D98E-47E5-85D3-3513DB1140C7}.Release|Any CPU.ActiveCfg = Release|Any CPU
		{D085FC44-D98E-47E5-85D3-3513DB1140C7}.Release|Any CPU.Build.0 = Release|Any CPU
		{37C5E031-B5C8-453E-8E92-33F5E753953A}.Debug|Any CPU.ActiveCfg = Debug|Any CPU
		{37C5E031-B5C8-453E-8E92-33F5E753953A}.Debug|Any CPU.Build.0 = Debug|Any CPU
		{37C5E031-B5C8-453E-8E92-33F5E753953A}.Release|Any CPU.ActiveCfg = Release|Any CPU
		{37C5E031-B5C8-453E-8E92-33F5E753953A}.Release|Any CPU.Build.0 = Release|Any CPU
		{446CAC86-C968-4AB2-9B1E-EB43C2AFE93D}.Debug|Any CPU.ActiveCfg = Debug|Any CPU
		{446CAC86-C968-4AB2-9B1E-EB43C2AFE93D}.Debug|Any CPU.Build.0 = Debug|Any CPU
		{446CAC86-C968-4AB2-9B1E-EB43C2AFE93D}.Release|Any CPU.ActiveCfg = Release|Any CPU
		{446CAC86-C968-4AB2-9B1E-EB43C2AFE93D}.Release|Any CPU.Build.0 = Release|Any CPU
		{8787E447-2DC7-47A5-A7BA-D38779ABBEC9}.Debug|Any CPU.ActiveCfg = Debug|Any CPU
		{8787E447-2DC7-47A5-A7BA-D38779ABBEC9}.Debug|Any CPU.Build.0 = Debug|Any CPU
		{8787E447-2DC7-47A5-A7BA-D38779ABBEC9}.Release|Any CPU.ActiveCfg = Release|Any CPU
		{8787E447-2DC7-47A5-A7BA-D38779ABBEC9}.Release|Any CPU.Build.0 = Release|Any CPU
		{A398DBE8-7B3F-4BB3-909C-24046B16D0FC}.Debug|Any CPU.ActiveCfg = Debug|Any CPU
		{A398DBE8-7B3F-4BB3-909C-24046B16D0FC}.Debug|Any CPU.Build.0 = Debug|Any CPU
		{A398DBE8-7B3F-4BB3-909C-24046B16D0FC}.Release|Any CPU.ActiveCfg = Release|Any CPU
		{A398DBE8-7B3F-4BB3-909C-24046B16D0FC}.Release|Any CPU.Build.0 = Release|Any CPU
		{D3B15289-7B53-4442-9E68-917C96831A59}.Debug|Any CPU.ActiveCfg = Debug|Any CPU
		{D3B15289-7B53-4442-9E68-917C96831A59}.Debug|Any CPU.Build.0 = Debug|Any CPU
		{D3B15289-7B53-4442-9E68-917C96831A59}.Release|Any CPU.ActiveCfg = Release|Any CPU
		{D3B15289-7B53-4442-9E68-917C96831A59}.Release|Any CPU.Build.0 = Release|Any CPU
		{91634CB0-A52C-4A32-AB38-EA6D74D1BE01}.Debug|Any CPU.ActiveCfg = Debug|Any CPU
		{91634CB0-A52C-4A32-AB38-EA6D74D1BE01}.Debug|Any CPU.Build.0 = Debug|Any CPU
		{91634CB0-A52C-4A32-AB38-EA6D74D1BE01}.Release|Any CPU.ActiveCfg = Release|Any CPU
		{91634CB0-A52C-4A32-AB38-EA6D74D1BE01}.Release|Any CPU.Build.0 = Release|Any CPU
		{FB1B6B5A-3EC4-4B47-A3A9-7C7A824A6451}.Debug|Any CPU.ActiveCfg = Debug|Any CPU
		{FB1B6B5A-3EC4-4B47-A3A9-7C7A824A6451}.Debug|Any CPU.Build.0 = Debug|Any CPU
		{FB1B6B5A-3EC4-4B47-A3A9-7C7A824A6451}.Release|Any CPU.ActiveCfg = Release|Any CPU
		{FB1B6B5A-3EC4-4B47-A3A9-7C7A824A6451}.Release|Any CPU.Build.0 = Release|Any CPU
		{BBF7B728-FA1A-4754-9CBA-DFC521385517}.Debug|Any CPU.ActiveCfg = Debug|Any CPU
		{BBF7B728-FA1A-4754-9CBA-DFC521385517}.Debug|Any CPU.Build.0 = Debug|Any CPU
		{BBF7B728-FA1A-4754-9CBA-DFC521385517}.Release|Any CPU.ActiveCfg = Release|Any CPU
		{BBF7B728-FA1A-4754-9CBA-DFC521385517}.Release|Any CPU.Build.0 = Release|Any CPU
		{3C6812F5-5805-4B90-B81B-90C676498F0B}.Debug|Any CPU.ActiveCfg = Debug|Any CPU
		{3C6812F5-5805-4B90-B81B-90C676498F0B}.Debug|Any CPU.Build.0 = Debug|Any CPU
		{3C6812F5-5805-4B90-B81B-90C676498F0B}.Release|Any CPU.ActiveCfg = Release|Any CPU
		{3C6812F5-5805-4B90-B81B-90C676498F0B}.Release|Any CPU.Build.0 = Release|Any CPU
		{B45A12D0-A1BA-4653-9D26-A54DAC81FC67}.Debug|Any CPU.ActiveCfg = Debug|Any CPU
		{B45A12D0-A1BA-4653-9D26-A54DAC81FC67}.Debug|Any CPU.Build.0 = Debug|Any CPU
		{B45A12D0-A1BA-4653-9D26-A54DAC81FC67}.Release|Any CPU.ActiveCfg = Release|Any CPU
		{B45A12D0-A1BA-4653-9D26-A54DAC81FC67}.Release|Any CPU.Build.0 = Release|Any CPU
		{04E7AEDE-240B-43DC-BECD-1633DE7A287C}.Debug|Any CPU.ActiveCfg = Debug|Any CPU
		{04E7AEDE-240B-43DC-BECD-1633DE7A287C}.Debug|Any CPU.Build.0 = Debug|Any CPU
		{04E7AEDE-240B-43DC-BECD-1633DE7A287C}.Release|Any CPU.ActiveCfg = Release|Any CPU
		{04E7AEDE-240B-43DC-BECD-1633DE7A287C}.Release|Any CPU.Build.0 = Release|Any CPU
	EndGlobalSection
	GlobalSection(SolutionProperties) = preSolution
		HideSolutionNode = FALSE
	EndGlobalSection
	GlobalSection(NestedProjects) = preSolution
		{239F1858-12AC-4458-B4A2-D79DC816F340} = {7871E0C8-C942-44D1-ABC6-8E2936815D8F}
		{42137B74-9A95-4124-9B90-29886A36D353} = {7871E0C8-C942-44D1-ABC6-8E2936815D8F}
		{801501B5-27B5-4653-A67D-8D465BA7015E} = {7871E0C8-C942-44D1-ABC6-8E2936815D8F}
		{D085FC44-D98E-47E5-85D3-3513DB1140C7} = {7871E0C8-C942-44D1-ABC6-8E2936815D8F}
		{37C5E031-B5C8-453E-8E92-33F5E753953A} = {B52131CF-B3DE-40B2-AED5-AA566A5B4DD3}
		{446CAC86-C968-4AB2-9B1E-EB43C2AFE93D} = {522C070C-9540-48A2-9F09-34FC0DC90D62}
		{8787E447-2DC7-47A5-A7BA-D38779ABBEC9} = {FC8B5D26-58F7-4C5D-A4B9-ECF3FA70F460}
		{A398DBE8-7B3F-4BB3-909C-24046B16D0FC} = {9EAE4C63-9946-4025-9C86-121FB42F6D53}
		{D3B15289-7B53-4442-9E68-917C96831A59} = {6AB05F07-A749-4195-A22D-5C9DC0A5159D}
		{91634CB0-A52C-4A32-AB38-EA6D74D1BE01} = {713F18EC-2053-4DF7-BD24-13107ACA87F3}
		{FB1B6B5A-3EC4-4B47-A3A9-7C7A824A6451} = {CD531E02-80D3-4B2E-87EC-93C4E5A88006}
		{BBF7B728-FA1A-4754-9CBA-DFC521385517} = {875417DD-BCC5-4EAE-B798-C38B1EE815C8}
		{3C6812F5-5805-4B90-B81B-90C676498F0B} = {B52131CF-B3DE-40B2-AED5-AA566A5B4DD3}
		{B45A12D0-A1BA-4653-9D26-A54DAC81FC67} = {5E30E3EE-ED0F-4794-8F4F-B58FD0D903F1}
	EndGlobalSection
	GlobalSection(ExtensibilityGlobals) = postSolution
		SolutionGuid = {01F93777-A4F4-468E-A764-F124DFC86BDA}
	EndGlobalSection
EndGlobal
